
Microsoft Visual Studio Solution File, Format Version 12.00
Project("{FAE04EC0-301F-11D3-BF4B-00C04F79EFBC}") = "Zadanie 3", "Zadanie 3\Zadanie 3.csproj", "{7D36B67D-5B94-4D39-90DC-293B880C82E8}"
EndProject
Global
	GlobalSection(SolutionConfigurationPlatforms) = preSolution
		Debug|Any CPU = Debug|Any CPU
		Release|Any CPU = Release|Any CPU
	EndGlobalSection
	GlobalSection(ProjectConfigurationPlatforms) = postSolution
		{7D36B67D-5B94-4D39-90DC-293B880C82E8}.Debug|Any CPU.ActiveCfg = Debug|Any CPU
		{7D36B67D-5B94-4D39-90DC-293B880C82E8}.Debug|Any CPU.Build.0 = Debug|Any CPU
		{7D36B67D-5B94-4D39-90DC-293B880C82E8}.Release|Any CPU.ActiveCfg = Release|Any CPU
		{7D36B67D-5B94-4D39-90DC-293B880C82E8}.Release|Any CPU.Build.0 = Release|Any CPU
	EndGlobalSection
EndGlobal
